#
# This file is autogenerated by pip-compile with python 3.9
# To update, run:
#
#    bazel run //py:requirements.update
#
attrs==22.1.0 \
    --hash=sha256:29adc2665447e5191d0e7c568fde78b21f9672d344281d0c6e1ab085429b22b6 \
    --hash=sha256:86efa402f67bf2df34f51a335487cf46b1ec130d02b8d39fd248abfd30da551c
    # via
    #   cattrs
    #   jsii
    #   pytest
aws-cdk-asset-awscli-v1==2.2.27 \
    --hash=sha256:52a225234ad3d4f0c673497617aa7c6c2ff527db8b2e10f96a0640654cb72d50 \
    --hash=sha256:68f40f24e032bad2d87391f4dce6cd6c1caf90ff88d739ee3737d243ec020084
    # via aws-cdk-lib
aws-cdk-asset-kubectl-v20==2.1.1 \
    --hash=sha256:9834cdb150c5590aea4e5eba6de2a89b4c60617451181c524810c5a75154565c \
    --hash=sha256:a2fad1a5a35a94a465efe60859f91e45dacc33261fb9bbf1cf9bbc6e2f70e9d6
    # via aws-cdk-lib
aws-cdk-asset-node-proxy-agent-v5==2.0.33 \
    --hash=sha256:4699691392345de90525471792d571ac50a8ea78fe18167ced597b5049bc4523 \
    --hash=sha256:8fb73e048622aeae1d1f642e8744e16dc3e99504deb8289dd4d09381183970e7
    # via aws-cdk-lib
aws-cdk-aws-batch-alpha==2.53.0a0 \
    --hash=sha256:16b6fd4184c2a66557cc16f6f81bc70eb89906984c63784f3afe8a2af9fe18ca \
    --hash=sha256:6342c3c363dc5071a6c9157039a0d0886c7cc672c8d902741d1a16a57d6a5f07
    # via -r py/requirements.txt
aws-cdk-lib==2.53.0 \
    --hash=sha256:6c4df94b74176ffdb7072d2be383608567816c918978f006f984299c04beb141 \
    --hash=sha256:7fafb2ef55a66467e77dd44f03d533e8abde3729b247916dfdc5cf4ce1fe516d
    # via
    #   -r py/requirements.txt
    #   aws-cdk-aws-batch-alpha
cattrs==22.2.0 \
    --hash=sha256:bc12b1f0d000b9f9bee83335887d532a1d3e99a833d1bf0882151c97d3e68c21 \
    --hash=sha256:f0eed5642399423cf656e7b66ce92cdc5b963ecafd041d1b24d136fdde7acf6d
    # via jsii
constructs==10.1.179 \
    --hash=sha256:9c3f68319072a423b6d4ca4f777e6edcd49f127362751da83b332203f94503e8 \
    --hash=sha256:b7834e289b4dcd2efd56c0d7b19df722ced116ee3b96224445b8498804bf9642
    # via
    #   aws-cdk-aws-batch-alpha
    #   aws-cdk-lib
exceptiongroup==1.0.4 \
    --hash=sha256:542adf9dea4055530d6e1279602fa5cb11dab2395fa650b8674eaec35fc4a828 \
    --hash=sha256:bd14967b79cd9bdb54d97323216f8fdf533e278df937aa2a90089e7d6e06e5ec
    # via cattrs
iniconfig==1.1.1 \
    --hash=sha256:011e24c64b7f47f6ebd835bb12a743f2fbe9a26d4cecaa7f53bc4f35ee9da8b3 \
    --hash=sha256:bc3af051d7d14b2ee5ef9969666def0cd1a000e121eaea580d4a313df4b37f32
    # via pytest
jsii==1.71.0 \
    --hash=sha256:0f081498d9f2a12850577caedebe604e4b6e98e7fb20c3bbcca05a5ab8bd0f0b \
    --hash=sha256:e8fedaf077c192917f1d43100b2bbb5d107e4393b713f8ca2814d7653d64a026
    # via
    #   aws-cdk-asset-awscli-v1
    #   aws-cdk-asset-kubectl-v20
    #   aws-cdk-asset-node-proxy-agent-v5
    #   aws-cdk-aws-batch-alpha
    #   aws-cdk-lib
    #   constructs
packaging==21.3 \
    --hash=sha256:dd47c42927d89ab911e606518907cc2d3a1f38bbd026385970643f9c5b8ecfeb \
    --hash=sha256:ef103e05f519cdc783ae24ea4e2e0f508a9c99b2d4969652eed6a2e1ea5bd522
    # via pytest
pluggy==1.0.0 \
    --hash=sha256:4224373bacce55f955a878bf9cfa763c1e360858e330072059e10bad68531159 \
    --hash=sha256:74134bbf457f031a36d68416e1509f34bd5ccc019f0bcc952c7b909d06b37bd3
    # via pytest
publication==0.0.3 \
    --hash=sha256:0248885351febc11d8a1098d5c8e3ab2dabcf3e8c0c96db1e17ecd12b53afbe6 \
    --hash=sha256:68416a0de76dddcdd2930d1c8ef853a743cc96c82416c4e4d3b5d901c6276dc4
    # via
    #   aws-cdk-asset-awscli-v1
    #   aws-cdk-asset-kubectl-v20
    #   aws-cdk-asset-node-proxy-agent-v5
    #   aws-cdk-aws-batch-alpha
    #   aws-cdk-lib
    #   constructs
    #   jsii
py==1.11.0 \
    --hash=sha256:51c75c4126074b472f746a24399ad32f6053d1b34b68d2fa41e558e6f4a98719 \
    --hash=sha256:607c53218732647dff4acdfcd50cb62615cedf612e72d1724fb1a0cc6405b378
    # via pytest
pyparsing==3.0.9 \
    --hash=sha256:2b020ecf7d21b687f219b71ecad3631f644a47f01403fa1d1036b0c6416d70fb \
    --hash=sha256:5026bae9a10eeaefb61dab2f09052b9f4307d44aee4eda64b309723d8d206bbc
    # via packaging
pytest==7.1.2 \
    --hash=sha256:13d0e3ccfc2b6e26be000cb6568c832ba67ba32e719443bfe725814d3c42433c \
    --hash=sha256:a06a0425453864a270bc45e71f783330a7428defb4230fb5e6a731fde06ecd45
    # via -r py/requirements.txt
python-dateutil==2.8.2 \
    --hash=sha256:0123cacc1627ae19ddf3c27a5de5bd67ee4586fbdd6440d9748f8abb483d3e86 \
    --hash=sha256:961d03dc3453ebbc59dbdea9e4e11c5651520a876d0f4db161e8674aae935da9
    # via jsii
six==1.16.0 \
    --hash=sha256:1e61c37477a1626458e36f7b1d82aa5c9b094fa4802892072e49de9c60c4c926 \
    --hash=sha256:8abb2f1d86890a2dfb989f9a77cfcfd3e47c2a354b01111771326f8aa26e0254
    # via python-dateutil
tomli==2.0.1 \
    --hash=sha256:939de3e7a6161af0c887ef91b7d41a53e7c5a1ca976325f429cb46ea9bc30ecc \
    --hash=sha256:de526c12914f0c550d15924c62d72abc48d6fe7364aa87328337a31007fe8a4f
    # via pytest
typeguard==2.13.3 \
    --hash=sha256:00edaa8da3a133674796cf5ea87d9f4b4c367d77476e185e80251cc13dfbb8c4 \
    --hash=sha256:5e3e3be01e887e7eafae5af63d1f36c849aaa94e3a0112097312aabfa16284f1
    # via
    #   aws-cdk-asset-awscli-v1
    #   aws-cdk-asset-kubectl-v20
    #   aws-cdk-asset-node-proxy-agent-v5
    #   aws-cdk-aws-batch-alpha
    #   aws-cdk-lib
    #   constructs
    #   jsii
typing-extensions==4.4.0 \
    --hash=sha256:1511434bb92bf8dd198c12b1cc812e800d4181cfcb867674e0f8279cc93087aa \
    --hash=sha256:16fa4864408f655d35ec496218b85f79b3437c829e93320c7c9215ccfd92489e
    # via jsii
